
Microsoft Visual Studio Solution File, Format Version 12.00
# Visual Studio Version 17
VisualStudioVersion = 17.0.31903.59
MinimumVisualStudioVersion = 10.0.40219.1
Project("{2150E333-8FDC-42A3-9474-1A3956D46DE8}") = "src", "src", "{87FD142E-E96A-4E35-A038-4EDEA5207E2D}"
EndProject
Project("{FAE04EC0-301F-11D3-BF4B-00C04F79EFBC}") = "Chirp.Razor", "src\Chirp.Razor\Chirp.Razor.csproj", "{1875F2DA-772B-4F5F-89E0-9FDC742E7627}"
EndProject
Project("{2150E333-8FDC-42A3-9474-1A3956D46DE8}") = "test", "test", "{07DF64B0-E61B-4DCA-BB42-519710622DD6}"
EndProject
Project("{FAE04EC0-301F-11D3-BF4B-00C04F79EFBC}") = "Chirp.Razor.Tests", "test\Chirp.Razor.Tests\Chirp.Razor.Tests.csproj", "{7E038C9F-ED89-4D63-921B-2EE7AFFCFDA6}"
EndProject
Global
	GlobalSection(SolutionConfigurationPlatforms) = preSolution
		Debug|Any CPU = Debug|Any CPU
		Debug|x64 = Debug|x64
		Debug|x86 = Debug|x86
		Release|Any CPU = Release|Any CPU
		Release|x64 = Release|x64
		Release|x86 = Release|x86
	EndGlobalSection
	GlobalSection(ProjectConfigurationPlatforms) = postSolution
		{1875F2DA-772B-4F5F-89E0-9FDC742E7627}.Debug|Any CPU.ActiveCfg = Debug|Any CPU
		{1875F2DA-772B-4F5F-89E0-9FDC742E7627}.Debug|Any CPU.Build.0 = Debug|Any CPU
		{1875F2DA-772B-4F5F-89E0-9FDC742E7627}.Debug|x64.ActiveCfg = Debug|Any CPU
		{1875F2DA-772B-4F5F-89E0-9FDC742E7627}.Debug|x64.Build.0 = Debug|Any CPU
		{1875F2DA-772B-4F5F-89E0-9FDC742E7627}.Debug|x86.ActiveCfg = Debug|Any CPU
		{1875F2DA-772B-4F5F-89E0-9FDC742E7627}.Debug|x86.Build.0 = Debug|Any CPU
		{1875F2DA-772B-4F5F-89E0-9FDC742E7627}.Release|Any CPU.ActiveCfg = Release|Any CPU
		{1875F2DA-772B-4F5F-89E0-9FDC742E7627}.Release|Any CPU.Build.0 = Release|Any CPU
		{1875F2DA-772B-4F5F-89E0-9FDC742E7627}.Release|x64.ActiveCfg = Release|Any CPU
		{1875F2DA-772B-4F5F-89E0-9FDC742E7627}.Release|x64.Build.0 = Release|Any CPU
		{1875F2DA-772B-4F5F-89E0-9FDC742E7627}.Release|x86.ActiveCfg = Release|Any CPU
		{1875F2DA-772B-4F5F-89E0-9FDC742E7627}.Release|x86.Build.0 = Release|Any CPU
		{7E038C9F-ED89-4D63-921B-2EE7AFFCFDA6}.Debug|Any CPU.ActiveCfg = Debug|Any CPU
		{7E038C9F-ED89-4D63-921B-2EE7AFFCFDA6}.Debug|Any CPU.Build.0 = Debug|Any CPU
		{7E038C9F-ED89-4D63-921B-2EE7AFFCFDA6}.Debug|x64.ActiveCfg = Debug|Any CPU
		{7E038C9F-ED89-4D63-921B-2EE7AFFCFDA6}.Debug|x64.Build.0 = Debug|Any CPU
		{7E038C9F-ED89-4D63-921B-2EE7AFFCFDA6}.Debug|x86.ActiveCfg = Debug|Any CPU
		{7E038C9F-ED89-4D63-921B-2EE7AFFCFDA6}.Debug|x86.Build.0 = Debug|Any CPU
		{7E038C9F-ED89-4D63-921B-2EE7AFFCFDA6}.Release|Any CPU.ActiveCfg = Release|Any CPU
		{7E038C9F-ED89-4D63-921B-2EE7AFFCFDA6}.Release|Any CPU.Build.0 = Release|Any CPU
		{7E038C9F-ED89-4D63-921B-2EE7AFFCFDA6}.Release|x64.ActiveCfg = Release|Any CPU
		{7E038C9F-ED89-4D63-921B-2EE7AFFCFDA6}.Release|x64.Build.0 = Release|Any CPU
		{7E038C9F-ED89-4D63-921B-2EE7AFFCFDA6}.Release|x86.ActiveCfg = Release|Any CPU
		{7E038C9F-ED89-4D63-921B-2EE7AFFCFDA6}.Release|x86.Build.0 = Release|Any CPU
	EndGlobalSection
	GlobalSection(SolutionProperties) = preSolution
		HideSolutionNode = FALSE
	EndGlobalSection
	GlobalSection(NestedProjects) = preSolution
		{1875F2DA-772B-4F5F-89E0-9FDC742E7627} = {87FD142E-E96A-4E35-A038-4EDEA5207E2D}
		{7E038C9F-ED89-4D63-921B-2EE7AFFCFDA6} = {07DF64B0-E61B-4DCA-BB42-519710622DD6}
	EndGlobalSection
EndGlobal
