
Microsoft Visual Studio Solution File, Format Version 12.00
# Visual Studio Version 17
VisualStudioVersion = 17.0.31903.59
MinimumVisualStudioVersion = 10.0.40219.1
Project("{2150E333-8FDC-42A3-9474-1A3956D46DE8}") = "src", "src", "{87FD142E-E96A-4E35-A038-4EDEA5207E2D}"
EndProject
Project("{2150E333-8FDC-42A3-9474-1A3956D46DE8}") = "test", "test", "{07DF64B0-E61B-4DCA-BB42-519710622DD6}"
EndProject
Project("{FAE04EC0-301F-11D3-BF4B-00C04F79EFBC}") = "Chirp.Razor.Tests", "test\Chirp.Razor.Tests\Chirp.Razor.Tests.csproj", "{7E038C9F-ED89-4D63-921B-2EE7AFFCFDA6}"
EndProject
Project("{FAE04EC0-301F-11D3-BF4B-00C04F79EFBC}") = "Chirp.Core", "src\Chirp.Core\Chirp.Core.csproj", "{1188BBEF-0674-461A-A37F-5C03C42F98D5}"
EndProject
Project("{FAE04EC0-301F-11D3-BF4B-00C04F79EFBC}") = "Chirp.Infrastructure", "src\Chirp.Infrastructure\Chirp.Infrastructure.csproj", "{CD467A7A-0403-4249-8DE6-CCF2F50412AC}"
EndProject
Project("{FAE04EC0-301F-11D3-BF4B-00C04F79EFBC}") = "Chirp.Web", "src\Chirp.Web\Chirp.Web.csproj", "{0EBCD7C2-E6CB-4BAA-BFB9-EFBD255F6FF6}"
EndProject
Project("{FAE04EC0-301F-11D3-BF4B-00C04F79EFBC}") = "Chirp.Playwright.Tests", "test\Chirp.Playwright.Tests\Chirp.Playwright.Tests.csproj", "{EE8B8930-0DBE-42C8-A0B8-6B6038CD64C0}"
EndProject
Global
	GlobalSection(SolutionConfigurationPlatforms) = preSolution
		Debug|Any CPU = Debug|Any CPU
		Debug|x64 = Debug|x64
		Debug|x86 = Debug|x86
		Release|Any CPU = Release|Any CPU
		Release|x64 = Release|x64
		Release|x86 = Release|x86
	EndGlobalSection
	GlobalSection(ProjectConfigurationPlatforms) = postSolution
		{7E038C9F-ED89-4D63-921B-2EE7AFFCFDA6}.Debug|Any CPU.ActiveCfg = Debug|Any CPU
		{7E038C9F-ED89-4D63-921B-2EE7AFFCFDA6}.Debug|Any CPU.Build.0 = Debug|Any CPU
		{7E038C9F-ED89-4D63-921B-2EE7AFFCFDA6}.Debug|x64.ActiveCfg = Debug|Any CPU
		{7E038C9F-ED89-4D63-921B-2EE7AFFCFDA6}.Debug|x64.Build.0 = Debug|Any CPU
		{7E038C9F-ED89-4D63-921B-2EE7AFFCFDA6}.Debug|x86.ActiveCfg = Debug|Any CPU
		{7E038C9F-ED89-4D63-921B-2EE7AFFCFDA6}.Debug|x86.Build.0 = Debug|Any CPU
		{7E038C9F-ED89-4D63-921B-2EE7AFFCFDA6}.Release|Any CPU.ActiveCfg = Release|Any CPU
		{7E038C9F-ED89-4D63-921B-2EE7AFFCFDA6}.Release|Any CPU.Build.0 = Release|Any CPU
		{7E038C9F-ED89-4D63-921B-2EE7AFFCFDA6}.Release|x64.ActiveCfg = Release|Any CPU
		{7E038C9F-ED89-4D63-921B-2EE7AFFCFDA6}.Release|x64.Build.0 = Release|Any CPU
		{7E038C9F-ED89-4D63-921B-2EE7AFFCFDA6}.Release|x86.ActiveCfg = Release|Any CPU
		{7E038C9F-ED89-4D63-921B-2EE7AFFCFDA6}.Release|x86.Build.0 = Release|Any CPU
		{1188BBEF-0674-461A-A37F-5C03C42F98D5}.Debug|Any CPU.ActiveCfg = Debug|Any CPU
		{1188BBEF-0674-461A-A37F-5C03C42F98D5}.Debug|Any CPU.Build.0 = Debug|Any CPU
		{1188BBEF-0674-461A-A37F-5C03C42F98D5}.Debug|x64.ActiveCfg = Debug|Any CPU
		{1188BBEF-0674-461A-A37F-5C03C42F98D5}.Debug|x64.Build.0 = Debug|Any CPU
		{1188BBEF-0674-461A-A37F-5C03C42F98D5}.Debug|x86.ActiveCfg = Debug|Any CPU
		{1188BBEF-0674-461A-A37F-5C03C42F98D5}.Debug|x86.Build.0 = Debug|Any CPU
		{1188BBEF-0674-461A-A37F-5C03C42F98D5}.Release|Any CPU.ActiveCfg = Release|Any CPU
		{1188BBEF-0674-461A-A37F-5C03C42F98D5}.Release|Any CPU.Build.0 = Release|Any CPU
		{1188BBEF-0674-461A-A37F-5C03C42F98D5}.Release|x64.ActiveCfg = Release|Any CPU
		{1188BBEF-0674-461A-A37F-5C03C42F98D5}.Release|x64.Build.0 = Release|Any CPU
		{1188BBEF-0674-461A-A37F-5C03C42F98D5}.Release|x86.ActiveCfg = Release|Any CPU
		{1188BBEF-0674-461A-A37F-5C03C42F98D5}.Release|x86.Build.0 = Release|Any CPU
		{CD467A7A-0403-4249-8DE6-CCF2F50412AC}.Debug|Any CPU.ActiveCfg = Debug|Any CPU
		{CD467A7A-0403-4249-8DE6-CCF2F50412AC}.Debug|Any CPU.Build.0 = Debug|Any CPU
		{CD467A7A-0403-4249-8DE6-CCF2F50412AC}.Debug|x64.ActiveCfg = Debug|Any CPU
		{CD467A7A-0403-4249-8DE6-CCF2F50412AC}.Debug|x64.Build.0 = Debug|Any CPU
		{CD467A7A-0403-4249-8DE6-CCF2F50412AC}.Debug|x86.ActiveCfg = Debug|Any CPU
		{CD467A7A-0403-4249-8DE6-CCF2F50412AC}.Debug|x86.Build.0 = Debug|Any CPU
		{CD467A7A-0403-4249-8DE6-CCF2F50412AC}.Release|Any CPU.ActiveCfg = Release|Any CPU
		{CD467A7A-0403-4249-8DE6-CCF2F50412AC}.Release|Any CPU.Build.0 = Release|Any CPU
		{CD467A7A-0403-4249-8DE6-CCF2F50412AC}.Release|x64.ActiveCfg = Release|Any CPU
		{CD467A7A-0403-4249-8DE6-CCF2F50412AC}.Release|x64.Build.0 = Release|Any CPU
		{CD467A7A-0403-4249-8DE6-CCF2F50412AC}.Release|x86.ActiveCfg = Release|Any CPU
		{CD467A7A-0403-4249-8DE6-CCF2F50412AC}.Release|x86.Build.0 = Release|Any CPU
		{0EBCD7C2-E6CB-4BAA-BFB9-EFBD255F6FF6}.Debug|Any CPU.ActiveCfg = Debug|Any CPU
		{0EBCD7C2-E6CB-4BAA-BFB9-EFBD255F6FF6}.Debug|Any CPU.Build.0 = Debug|Any CPU
		{0EBCD7C2-E6CB-4BAA-BFB9-EFBD255F6FF6}.Debug|x64.ActiveCfg = Debug|Any CPU
		{0EBCD7C2-E6CB-4BAA-BFB9-EFBD255F6FF6}.Debug|x64.Build.0 = Debug|Any CPU
		{0EBCD7C2-E6CB-4BAA-BFB9-EFBD255F6FF6}.Debug|x86.ActiveCfg = Debug|Any CPU
		{0EBCD7C2-E6CB-4BAA-BFB9-EFBD255F6FF6}.Debug|x86.Build.0 = Debug|Any CPU
		{0EBCD7C2-E6CB-4BAA-BFB9-EFBD255F6FF6}.Release|Any CPU.ActiveCfg = Release|Any CPU
		{0EBCD7C2-E6CB-4BAA-BFB9-EFBD255F6FF6}.Release|Any CPU.Build.0 = Release|Any CPU
		{0EBCD7C2-E6CB-4BAA-BFB9-EFBD255F6FF6}.Release|x64.ActiveCfg = Release|Any CPU
		{0EBCD7C2-E6CB-4BAA-BFB9-EFBD255F6FF6}.Release|x64.Build.0 = Release|Any CPU
		{0EBCD7C2-E6CB-4BAA-BFB9-EFBD255F6FF6}.Release|x86.ActiveCfg = Release|Any CPU
		{0EBCD7C2-E6CB-4BAA-BFB9-EFBD255F6FF6}.Release|x86.Build.0 = Release|Any CPU
		{EE8B8930-0DBE-42C8-A0B8-6B6038CD64C0}.Debug|Any CPU.ActiveCfg = Debug|Any CPU
		{EE8B8930-0DBE-42C8-A0B8-6B6038CD64C0}.Debug|Any CPU.Build.0 = Debug|Any CPU
		{EE8B8930-0DBE-42C8-A0B8-6B6038CD64C0}.Debug|x64.ActiveCfg = Debug|Any CPU
		{EE8B8930-0DBE-42C8-A0B8-6B6038CD64C0}.Debug|x64.Build.0 = Debug|Any CPU
		{EE8B8930-0DBE-42C8-A0B8-6B6038CD64C0}.Debug|x86.ActiveCfg = Debug|Any CPU
		{EE8B8930-0DBE-42C8-A0B8-6B6038CD64C0}.Debug|x86.Build.0 = Debug|Any CPU
		{EE8B8930-0DBE-42C8-A0B8-6B6038CD64C0}.Release|Any CPU.ActiveCfg = Release|Any CPU
		{EE8B8930-0DBE-42C8-A0B8-6B6038CD64C0}.Release|Any CPU.Build.0 = Release|Any CPU
		{EE8B8930-0DBE-42C8-A0B8-6B6038CD64C0}.Release|x64.ActiveCfg = Release|Any CPU
		{EE8B8930-0DBE-42C8-A0B8-6B6038CD64C0}.Release|x64.Build.0 = Release|Any CPU
		{EE8B8930-0DBE-42C8-A0B8-6B6038CD64C0}.Release|x86.ActiveCfg = Release|Any CPU
		{EE8B8930-0DBE-42C8-A0B8-6B6038CD64C0}.Release|x86.Build.0 = Release|Any CPU
	EndGlobalSection
	GlobalSection(SolutionProperties) = preSolution
		HideSolutionNode = FALSE
	EndGlobalSection
	GlobalSection(NestedProjects) = preSolution
		{7E038C9F-ED89-4D63-921B-2EE7AFFCFDA6} = {07DF64B0-E61B-4DCA-BB42-519710622DD6}
		{1188BBEF-0674-461A-A37F-5C03C42F98D5} = {87FD142E-E96A-4E35-A038-4EDEA5207E2D}
		{CD467A7A-0403-4249-8DE6-CCF2F50412AC} = {87FD142E-E96A-4E35-A038-4EDEA5207E2D}
		{0EBCD7C2-E6CB-4BAA-BFB9-EFBD255F6FF6} = {87FD142E-E96A-4E35-A038-4EDEA5207E2D}
		{EE8B8930-0DBE-42C8-A0B8-6B6038CD64C0} = {07DF64B0-E61B-4DCA-BB42-519710622DD6}
	EndGlobalSection
EndGlobal
